// !$*UTF8*$!
{
	archiveVersion = 1;
	classes = {
	};
	objectVersion = 55;
	objects = {

/* Begin PBXBuildFile section */
		A9C8F11F2BBD649E009EAC84 /* MahaBharathApp.swift in Sources */ = {isa = PBXBuildFile; fileRef = A9C8F11E2BBD649E009EAC84 /* MahaBharathApp.swift */; };
		A9C8F1212BBD649E009EAC84 /* ContentView.swift in Sources */ = {isa = PBXBuildFile; fileRef = A9C8F1202BBD649E009EAC84 /* ContentView.swift */; };
		A9C8F1232BBD64A4009EAC84 /* Assets.xcassets in Resources */ = {isa = PBXBuildFile; fileRef = A9C8F1222BBD64A4009EAC84 /* Assets.xcassets */; };
		A9C8F1262BBD64A4009EAC84 /* Preview Assets.xcassets in Resources */ = {isa = PBXBuildFile; fileRef = A9C8F1252BBD64A4009EAC84 /* Preview Assets.xcassets */; };
		A9C8F1282BBD64A4009EAC84 /* Persistence.swift in Sources */ = {isa = PBXBuildFile; fileRef = A9C8F1272BBD64A4009EAC84 /* Persistence.swift */; };
		A9C8F12B2BBD64A4009EAC84 /* MahaBharath.xcdatamodeld in Sources */ = {isa = PBXBuildFile; fileRef = A9C8F1292BBD64A4009EAC84 /* MahaBharath.xcdatamodeld */; };
		A9C8F1352BBD64A4009EAC84 /* MahaBharathTests.swift in Sources */ = {isa = PBXBuildFile; fileRef = A9C8F1342BBD64A4009EAC84 /* MahaBharathTests.swift */; };
		A9C8F13F2BBD64A4009EAC84 /* MahaBharathUITests.swift in Sources */ = {isa = PBXBuildFile; fileRef = A9C8F13E2BBD64A4009EAC84 /* MahaBharathUITests.swift */; };
		A9C8F1412BBD64A4009EAC84 /* MahaBharathUITestsLaunchTests.swift in Sources */ = {isa = PBXBuildFile; fileRef = A9C8F1402BBD64A4009EAC84 /* MahaBharathUITestsLaunchTests.swift */; };
		A9C8F14F2BBD73AA009EAC84 /* BGUtility in Frameworks */ = {isa = PBXBuildFile; productRef = A9C8F14E2BBD73AA009EAC84 /* BGUtility */; };
		A9C8F1532BBEB46D009EAC84 /* SwiftyBeaver in Frameworks */ = {isa = PBXBuildFile; productRef = A9C8F1522BBEB46D009EAC84 /* SwiftyBeaver */; };
		A9C8F1552BBEB85F009EAC84 /* BGLogger.swift in Sources */ = {isa = PBXBuildFile; fileRef = A9C8F1542BBEB85F009EAC84 /* BGLogger.swift */; };
		A9C8F1572BBEEB6C009EAC84 /* ContentViewModel.swift in Sources */ = {isa = PBXBuildFile; fileRef = A9C8F1562BBEEB6C009EAC84 /* ContentViewModel.swift */; };
		A9C8F15A2BBEF4D4009EAC84 /* Swinject in Frameworks */ = {isa = PBXBuildFile; productRef = A9C8F1592BBEF4D4009EAC84 /* Swinject */; };
		A9C8F15C2BBF0AA8009EAC84 /* Injection.swift in Sources */ = {isa = PBXBuildFile; fileRef = A9C8F15B2BBF0AA8009EAC84 /* Injection.swift */; };
		A9C8F15F2BC00182009EAC84 /* Localizable.strings in Resources */ = {isa = PBXBuildFile; fileRef = A9C8F1612BC00182009EAC84 /* Localizable.strings */; };
		A9C8F1652BC00CD0009EAC84 /* Strings+Generated.swift in Sources */ = {isa = PBXBuildFile; fileRef = A9C8F1642BC00CD0009EAC84 /* Strings+Generated.swift */; };
		A9C8F17F2BC03B64009EAC84 /* ConfigurationManager.swift in Sources */ = {isa = PBXBuildFile; fileRef = A9C8F17E2BC03B64009EAC84 /* ConfigurationManager.swift */; };
/* End PBXBuildFile section */

/* Begin PBXContainerItemProxy section */
		A9C8F1312BBD64A4009EAC84 /* PBXContainerItemProxy */ = {
			isa = PBXContainerItemProxy;
			containerPortal = A9C8F1132BBD649E009EAC84 /* Project object */;
			proxyType = 1;
			remoteGlobalIDString = A9C8F11A2BBD649E009EAC84;
			remoteInfo = MahaBharath;
		};
		A9C8F13B2BBD64A4009EAC84 /* PBXContainerItemProxy */ = {
			isa = PBXContainerItemProxy;
			containerPortal = A9C8F1132BBD649E009EAC84 /* Project object */;
			proxyType = 1;
			remoteGlobalIDString = A9C8F11A2BBD649E009EAC84;
			remoteInfo = MahaBharath;
		};
/* End PBXContainerItemProxy section */

/* Begin PBXFileReference section */
		A9C8F11B2BBD649E009EAC84 /* MahaBharath.app */ = {isa = PBXFileReference; explicitFileType = wrapper.application; includeInIndex = 0; path = MahaBharath.app; sourceTree = BUILT_PRODUCTS_DIR; };
		A9C8F11E2BBD649E009EAC84 /* MahaBharathApp.swift */ = {isa = PBXFileReference; lastKnownFileType = sourcecode.swift; path = MahaBharathApp.swift; sourceTree = "<group>"; };
		A9C8F1202BBD649E009EAC84 /* ContentView.swift */ = {isa = PBXFileReference; lastKnownFileType = sourcecode.swift; path = ContentView.swift; sourceTree = "<group>"; };
		A9C8F1222BBD64A4009EAC84 /* Assets.xcassets */ = {isa = PBXFileReference; lastKnownFileType = folder.assetcatalog; path = Assets.xcassets; sourceTree = "<group>"; };
		A9C8F1252BBD64A4009EAC84 /* Preview Assets.xcassets */ = {isa = PBXFileReference; lastKnownFileType = folder.assetcatalog; path = "Preview Assets.xcassets"; sourceTree = "<group>"; };
		A9C8F1272BBD64A4009EAC84 /* Persistence.swift */ = {isa = PBXFileReference; lastKnownFileType = sourcecode.swift; path = Persistence.swift; sourceTree = "<group>"; };
		A9C8F12A2BBD64A4009EAC84 /* MahaBharath.xcdatamodel */ = {isa = PBXFileReference; lastKnownFileType = wrapper.xcdatamodel; path = MahaBharath.xcdatamodel; sourceTree = "<group>"; };
		A9C8F1302BBD64A4009EAC84 /* MahaBharathTests.xctest */ = {isa = PBXFileReference; explicitFileType = wrapper.cfbundle; includeInIndex = 0; path = MahaBharathTests.xctest; sourceTree = BUILT_PRODUCTS_DIR; };
		A9C8F1342BBD64A4009EAC84 /* MahaBharathTests.swift */ = {isa = PBXFileReference; lastKnownFileType = sourcecode.swift; path = MahaBharathTests.swift; sourceTree = "<group>"; };
		A9C8F13A2BBD64A4009EAC84 /* MahaBharathUITests.xctest */ = {isa = PBXFileReference; explicitFileType = wrapper.cfbundle; includeInIndex = 0; path = MahaBharathUITests.xctest; sourceTree = BUILT_PRODUCTS_DIR; };
		A9C8F13E2BBD64A4009EAC84 /* MahaBharathUITests.swift */ = {isa = PBXFileReference; lastKnownFileType = sourcecode.swift; path = MahaBharathUITests.swift; sourceTree = "<group>"; };
		A9C8F1402BBD64A4009EAC84 /* MahaBharathUITestsLaunchTests.swift */ = {isa = PBXFileReference; lastKnownFileType = sourcecode.swift; path = MahaBharathUITestsLaunchTests.swift; sourceTree = "<group>"; };
		A9C8F1542BBEB85F009EAC84 /* BGLogger.swift */ = {isa = PBXFileReference; lastKnownFileType = sourcecode.swift; path = BGLogger.swift; sourceTree = "<group>"; };
		A9C8F1562BBEEB6C009EAC84 /* ContentViewModel.swift */ = {isa = PBXFileReference; lastKnownFileType = sourcecode.swift; path = ContentViewModel.swift; sourceTree = "<group>"; };
		A9C8F15B2BBF0AA8009EAC84 /* Injection.swift */ = {isa = PBXFileReference; lastKnownFileType = sourcecode.swift; path = Injection.swift; sourceTree = "<group>"; };
		A9C8F1602BC00182009EAC84 /* en */ = {isa = PBXFileReference; lastKnownFileType = text.plist.strings; name = en; path = en.lproj/Localizable.strings; sourceTree = "<group>"; };
		A9C8F1622BC0038B009EAC84 /* hi */ = {isa = PBXFileReference; lastKnownFileType = text.plist.strings; name = hi; path = hi.lproj/Localizable.strings; sourceTree = "<group>"; };
		A9C8F1632BC003CC009EAC84 /* te */ = {isa = PBXFileReference; lastKnownFileType = text.plist.strings; name = te; path = te.lproj/Localizable.strings; sourceTree = "<group>"; };
		A9C8F1642BC00CD0009EAC84 /* Strings+Generated.swift */ = {isa = PBXFileReference; fileEncoding = 4; lastKnownFileType = sourcecode.swift; path = "Strings+Generated.swift"; sourceTree = SOURCE_ROOT; };
		A9C8F17A2BC037FC009EAC84 /* Mahabharath-Dev.xcconfig */ = {isa = PBXFileReference; lastKnownFileType = text.xcconfig; path = "Mahabharath-Dev.xcconfig"; sourceTree = "<group>"; };
		A9C8F17B2BC03823009EAC84 /* Mahabharath-QA.xcconfig */ = {isa = PBXFileReference; lastKnownFileType = text.xcconfig; path = "Mahabharath-QA.xcconfig"; sourceTree = "<group>"; };
		A9C8F17C2BC03848009EAC84 /* Mahabharath-Prod.xcconfig */ = {isa = PBXFileReference; lastKnownFileType = text.xcconfig; path = "Mahabharath-Prod.xcconfig"; sourceTree = "<group>"; };
		A9C8F17D2BC03ADB009EAC84 /* Info.plist */ = {isa = PBXFileReference; lastKnownFileType = text.plist; path = Info.plist; sourceTree = "<group>"; };
		A9C8F17E2BC03B64009EAC84 /* ConfigurationManager.swift */ = {isa = PBXFileReference; lastKnownFileType = sourcecode.swift; path = ConfigurationManager.swift; sourceTree = "<group>"; };
/* End PBXFileReference section */

/* Begin PBXFrameworksBuildPhase section */
		A9C8F1182BBD649E009EAC84 /* Frameworks */ = {
			isa = PBXFrameworksBuildPhase;
			buildActionMask = 2147483647;
			files = (
				A9C8F14F2BBD73AA009EAC84 /* BGUtility in Frameworks */,
				A9C8F1532BBEB46D009EAC84 /* SwiftyBeaver in Frameworks */,
				A9C8F15A2BBEF4D4009EAC84 /* Swinject in Frameworks */,
			);
			runOnlyForDeploymentPostprocessing = 0;
		};
		A9C8F12D2BBD64A4009EAC84 /* Frameworks */ = {
			isa = PBXFrameworksBuildPhase;
			buildActionMask = 2147483647;
			files = (
			);
			runOnlyForDeploymentPostprocessing = 0;
		};
		A9C8F1372BBD64A4009EAC84 /* Frameworks */ = {
			isa = PBXFrameworksBuildPhase;
			buildActionMask = 2147483647;
			files = (
			);
			runOnlyForDeploymentPostprocessing = 0;
		};
/* End PBXFrameworksBuildPhase section */

/* Begin PBXGroup section */
		A9C8F1122BBD649E009EAC84 = {
			isa = PBXGroup;
			children = (
				A9C8F11D2BBD649E009EAC84 /* MahaBharath */,
				A9C8F1332BBD64A4009EAC84 /* MahaBharathTests */,
				A9C8F13D2BBD64A4009EAC84 /* MahaBharathUITests */,
				A9C8F11C2BBD649E009EAC84 /* Products */,
			);
			sourceTree = "<group>";
		};
		A9C8F11C2BBD649E009EAC84 /* Products */ = {
			isa = PBXGroup;
			children = (
				A9C8F11B2BBD649E009EAC84 /* MahaBharath.app */,
				A9C8F1302BBD64A4009EAC84 /* MahaBharathTests.xctest */,
				A9C8F13A2BBD64A4009EAC84 /* MahaBharathUITests.xctest */,
			);
			name = Products;
			sourceTree = "<group>";
		};
		A9C8F11D2BBD649E009EAC84 /* MahaBharath */ = {
			isa = PBXGroup;
			children = (
				A9C8F17D2BC03ADB009EAC84 /* Info.plist */,
				A9C8F1792BC037C2009EAC84 /* Configuration */,
				A9C8F1642BC00CD0009EAC84 /* Strings+Generated.swift */,
				A9C8F11E2BBD649E009EAC84 /* MahaBharathApp.swift */,
				A9C8F1202BBD649E009EAC84 /* ContentView.swift */,
				A9C8F1222BBD64A4009EAC84 /* Assets.xcassets */,
				A9C8F1272BBD64A4009EAC84 /* Persistence.swift */,
				A9C8F1292BBD64A4009EAC84 /* MahaBharath.xcdatamodeld */,
				A9C8F1242BBD64A4009EAC84 /* Preview Content */,
				A9C8F1542BBEB85F009EAC84 /* BGLogger.swift */,
				A9C8F1562BBEEB6C009EAC84 /* ContentViewModel.swift */,
				A9C8F15B2BBF0AA8009EAC84 /* Injection.swift */,
				A9C8F1612BC00182009EAC84 /* Localizable.strings */,
			);
			path = MahaBharath;
			sourceTree = "<group>";
		};
		A9C8F1242BBD64A4009EAC84 /* Preview Content */ = {
			isa = PBXGroup;
			children = (
				A9C8F1252BBD64A4009EAC84 /* Preview Assets.xcassets */,
			);
			path = "Preview Content";
			sourceTree = "<group>";
		};
		A9C8F1332BBD64A4009EAC84 /* MahaBharathTests */ = {
			isa = PBXGroup;
			children = (
				A9C8F1342BBD64A4009EAC84 /* MahaBharathTests.swift */,
			);
			path = MahaBharathTests;
			sourceTree = "<group>";
		};
		A9C8F13D2BBD64A4009EAC84 /* MahaBharathUITests */ = {
			isa = PBXGroup;
			children = (
				A9C8F13E2BBD64A4009EAC84 /* MahaBharathUITests.swift */,
				A9C8F1402BBD64A4009EAC84 /* MahaBharathUITestsLaunchTests.swift */,
			);
			path = MahaBharathUITests;
			sourceTree = "<group>";
		};
		A9C8F1792BC037C2009EAC84 /* Configuration */ = {
			isa = PBXGroup;
			children = (
				A9C8F17A2BC037FC009EAC84 /* Mahabharath-Dev.xcconfig */,
				A9C8F17B2BC03823009EAC84 /* Mahabharath-QA.xcconfig */,
				A9C8F17C2BC03848009EAC84 /* Mahabharath-Prod.xcconfig */,
				A9C8F17E2BC03B64009EAC84 /* ConfigurationManager.swift */,
			);
			path = Configuration;
			sourceTree = "<group>";
		};
/* End PBXGroup section */

/* Begin PBXNativeTarget section */
		A9C8F11A2BBD649E009EAC84 /* MahaBharath */ = {
			isa = PBXNativeTarget;
			buildConfigurationList = A9C8F1442BBD64A4009EAC84 /* Build configuration list for PBXNativeTarget "MahaBharath" */;
			buildPhases = (
				A9C8F1172BBD649E009EAC84 /* Sources */,
				A9C8F1672BC01001009EAC84 /* SwiftGen */,
				A9C8F1502BBD7BFC009EAC84 /* SwiftLint */,
				A9C8F1182BBD649E009EAC84 /* Frameworks */,
				A9C8F1192BBD649E009EAC84 /* Resources */,
				A9C8F1682BC0155D009EAC84 /* SwiftFormat */,
			);
			buildRules = (
			);
			dependencies = (
			);
			name = MahaBharath;
			packageProductDependencies = (
				A9C8F14E2BBD73AA009EAC84 /* BGUtility */,
				A9C8F1522BBEB46D009EAC84 /* SwiftyBeaver */,
				A9C8F1592BBEF4D4009EAC84 /* Swinject */,
			);
			productName = MahaBharath;
			productReference = A9C8F11B2BBD649E009EAC84 /* MahaBharath.app */;
			productType = "com.apple.product-type.application";
		};
		A9C8F12F2BBD64A4009EAC84 /* MahaBharathTests */ = {
			isa = PBXNativeTarget;
			buildConfigurationList = A9C8F1472BBD64A4009EAC84 /* Build configuration list for PBXNativeTarget "MahaBharathTests" */;
			buildPhases = (
				A9C8F12C2BBD64A4009EAC84 /* Sources */,
				A9C8F12D2BBD64A4009EAC84 /* Frameworks */,
				A9C8F12E2BBD64A4009EAC84 /* Resources */,
			);
			buildRules = (
			);
			dependencies = (
				A9C8F1322BBD64A4009EAC84 /* PBXTargetDependency */,
			);
			name = MahaBharathTests;
			productName = MahaBharathTests;
			productReference = A9C8F1302BBD64A4009EAC84 /* MahaBharathTests.xctest */;
			productType = "com.apple.product-type.bundle.unit-test";
		};
		A9C8F1392BBD64A4009EAC84 /* MahaBharathUITests */ = {
			isa = PBXNativeTarget;
			buildConfigurationList = A9C8F14A2BBD64A4009EAC84 /* Build configuration list for PBXNativeTarget "MahaBharathUITests" */;
			buildPhases = (
				A9C8F1362BBD64A4009EAC84 /* Sources */,
				A9C8F1372BBD64A4009EAC84 /* Frameworks */,
				A9C8F1382BBD64A4009EAC84 /* Resources */,
			);
			buildRules = (
			);
			dependencies = (
				A9C8F13C2BBD64A4009EAC84 /* PBXTargetDependency */,
			);
			name = MahaBharathUITests;
			productName = MahaBharathUITests;
			productReference = A9C8F13A2BBD64A4009EAC84 /* MahaBharathUITests.xctest */;
			productType = "com.apple.product-type.bundle.ui-testing";
		};
/* End PBXNativeTarget section */

/* Begin PBXProject section */
		A9C8F1132BBD649E009EAC84 /* Project object */ = {
			isa = PBXProject;
			attributes = {
				BuildIndependentTargetsInParallel = 1;
				LastSwiftUpdateCheck = 1340;
				LastUpgradeCheck = 1340;
				TargetAttributes = {
					A9C8F11A2BBD649E009EAC84 = {
						CreatedOnToolsVersion = 13.4;
					};
					A9C8F12F2BBD64A4009EAC84 = {
						CreatedOnToolsVersion = 13.4;
						TestTargetID = A9C8F11A2BBD649E009EAC84;
					};
					A9C8F1392BBD64A4009EAC84 = {
						CreatedOnToolsVersion = 13.4;
						TestTargetID = A9C8F11A2BBD649E009EAC84;
					};
				};
			};
			buildConfigurationList = A9C8F1162BBD649E009EAC84 /* Build configuration list for PBXProject "MahaBharath" */;
			compatibilityVersion = "Xcode 13.0";
			developmentRegion = en;
			hasScannedForEncodings = 0;
			knownRegions = (
				en,
				Base,
				hi,
				te,
			);
			mainGroup = A9C8F1122BBD649E009EAC84;
			packageReferences = (
				A9C8F14D2BBD73AA009EAC84 /* XCRemoteSwiftPackageReference "BGUtility" */,
				A9C8F1512BBEB46D009EAC84 /* XCRemoteSwiftPackageReference "SwiftyBeaver" */,
				A9C8F1582BBEF4D4009EAC84 /* XCRemoteSwiftPackageReference "Swinject" */,
			);
			productRefGroup = A9C8F11C2BBD649E009EAC84 /* Products */;
			projectDirPath = "";
			projectRoot = "";
			targets = (
				A9C8F11A2BBD649E009EAC84 /* MahaBharath */,
				A9C8F12F2BBD64A4009EAC84 /* MahaBharathTests */,
				A9C8F1392BBD64A4009EAC84 /* MahaBharathUITests */,
			);
		};
/* End PBXProject section */

/* Begin PBXResourcesBuildPhase section */
		A9C8F1192BBD649E009EAC84 /* Resources */ = {
			isa = PBXResourcesBuildPhase;
			buildActionMask = 2147483647;
			files = (
				A9C8F1262BBD64A4009EAC84 /* Preview Assets.xcassets in Resources */,
				A9C8F15F2BC00182009EAC84 /* Localizable.strings in Resources */,
				A9C8F1232BBD64A4009EAC84 /* Assets.xcassets in Resources */,
			);
			runOnlyForDeploymentPostprocessing = 0;
		};
		A9C8F12E2BBD64A4009EAC84 /* Resources */ = {
			isa = PBXResourcesBuildPhase;
			buildActionMask = 2147483647;
			files = (
			);
			runOnlyForDeploymentPostprocessing = 0;
		};
		A9C8F1382BBD64A4009EAC84 /* Resources */ = {
			isa = PBXResourcesBuildPhase;
			buildActionMask = 2147483647;
			files = (
			);
			runOnlyForDeploymentPostprocessing = 0;
		};
/* End PBXResourcesBuildPhase section */

/* Begin PBXShellScriptBuildPhase section */
		A9C8F1502BBD7BFC009EAC84 /* SwiftLint */ = {
			isa = PBXShellScriptBuildPhase;
			buildActionMask = 2147483647;
			files = (
			);
			inputFileListPaths = (
			);
			inputPaths = (
			);
			name = SwiftLint;
			outputFileListPaths = (
			);
			outputPaths = (
			);
			runOnlyForDeploymentPostprocessing = 0;
			shellPath = /bin/sh;
			shellScript = "if [[ \"$(uname -m)\" == arm64 ]]; then\n    export PATH=\"/opt/homebrew/bin:$PATH\"\nfi\n\nif which swiftlint > /dev/null; then\n  swiftlint\nelse\n  echo \"warning: SwiftLint not installed, download from https://github.com/realm/SwiftLint\"\nfi\n";
		};
		A9C8F1672BC01001009EAC84 /* SwiftGen */ = {
			isa = PBXShellScriptBuildPhase;
			buildActionMask = 2147483647;
			files = (
			);
			inputFileListPaths = (
			);
			inputPaths = (
			);
			name = SwiftGen;
			outputFileListPaths = (
			);
			outputPaths = (
			);
			runOnlyForDeploymentPostprocessing = 0;
			shellPath = /bin/sh;
			shellScript = "if which swiftgen >/dev/null; then\n  swiftgen\nelse\n  echo \"warning: SwiftGen not installed, download it from https://github.com/SwiftGen/SwiftGen\"\nfi\n";
		};
		A9C8F1682BC0155D009EAC84 /* SwiftFormat */ = {
			isa = PBXShellScriptBuildPhase;
			buildActionMask = 2147483647;
			files = (
			);
			inputFileListPaths = (
			);
			inputPaths = (
			);
			name = SwiftFormat;
			outputFileListPaths = (
			);
			outputPaths = (
			);
			runOnlyForDeploymentPostprocessing = 0;
			shellPath = /bin/sh;
			shellScript = "if which swiftformat >/dev/null; then\n  swiftformat .\nelse\n  echo \"warning: SwiftFormat not installed, download from https://github.com/nicklockwood/SwiftFormat\"\nfi\n";
		};
/* End PBXShellScriptBuildPhase section */

/* Begin PBXSourcesBuildPhase section */
		A9C8F1172BBD649E009EAC84 /* Sources */ = {
			isa = PBXSourcesBuildPhase;
			buildActionMask = 2147483647;
			files = (
				A9C8F15C2BBF0AA8009EAC84 /* Injection.swift in Sources */,
				A9C8F1282BBD64A4009EAC84 /* Persistence.swift in Sources */,
				A9C8F17F2BC03B64009EAC84 /* ConfigurationManager.swift in Sources */,
				A9C8F12B2BBD64A4009EAC84 /* MahaBharath.xcdatamodeld in Sources */,
				A9C8F1572BBEEB6C009EAC84 /* ContentViewModel.swift in Sources */,
				A9C8F1552BBEB85F009EAC84 /* BGLogger.swift in Sources */,
				A9C8F1212BBD649E009EAC84 /* ContentView.swift in Sources */,
				A9C8F1652BC00CD0009EAC84 /* Strings+Generated.swift in Sources */,
				A9C8F11F2BBD649E009EAC84 /* MahaBharathApp.swift in Sources */,
			);
			runOnlyForDeploymentPostprocessing = 0;
		};
		A9C8F12C2BBD64A4009EAC84 /* Sources */ = {
			isa = PBXSourcesBuildPhase;
			buildActionMask = 2147483647;
			files = (
				A9C8F1352BBD64A4009EAC84 /* MahaBharathTests.swift in Sources */,
			);
			runOnlyForDeploymentPostprocessing = 0;
		};
		A9C8F1362BBD64A4009EAC84 /* Sources */ = {
			isa = PBXSourcesBuildPhase;
			buildActionMask = 2147483647;
			files = (
				A9C8F1412BBD64A4009EAC84 /* MahaBharathUITestsLaunchTests.swift in Sources */,
				A9C8F13F2BBD64A4009EAC84 /* MahaBharathUITests.swift in Sources */,
			);
			runOnlyForDeploymentPostprocessing = 0;
		};
/* End PBXSourcesBuildPhase section */

/* Begin PBXTargetDependency section */
		A9C8F1322BBD64A4009EAC84 /* PBXTargetDependency */ = {
			isa = PBXTargetDependency;
			target = A9C8F11A2BBD649E009EAC84 /* MahaBharath */;
			targetProxy = A9C8F1312BBD64A4009EAC84 /* PBXContainerItemProxy */;
		};
		A9C8F13C2BBD64A4009EAC84 /* PBXTargetDependency */ = {
			isa = PBXTargetDependency;
			target = A9C8F11A2BBD649E009EAC84 /* MahaBharath */;
			targetProxy = A9C8F13B2BBD64A4009EAC84 /* PBXContainerItemProxy */;
		};
/* End PBXTargetDependency section */

/* Begin PBXVariantGroup section */
		A9C8F1612BC00182009EAC84 /* Localizable.strings */ = {
			isa = PBXVariantGroup;
			children = (
				A9C8F1602BC00182009EAC84 /* en */,
				A9C8F1622BC0038B009EAC84 /* hi */,
				A9C8F1632BC003CC009EAC84 /* te */,
			);
			name = Localizable.strings;
			sourceTree = "<group>";
		};
/* End PBXVariantGroup section */

/* Begin XCBuildConfiguration section */
		A9C8F1422BBD64A4009EAC84 /* Debug-Dev */ = {
			isa = XCBuildConfiguration;
			buildSettings = {
				ALWAYS_SEARCH_USER_PATHS = NO;
				CLANG_ANALYZER_LOCALIZABILITY_NONLOCALIZED = YES;
				CLANG_ANALYZER_NONNULL = YES;
				CLANG_ANALYZER_NUMBER_OBJECT_CONVERSION = YES_AGGRESSIVE;
				CLANG_CXX_LANGUAGE_STANDARD = "gnu++17";
				CLANG_ENABLE_MODULES = YES;
				CLANG_ENABLE_OBJC_ARC = YES;
				CLANG_ENABLE_OBJC_WEAK = YES;
				CLANG_WARN_BLOCK_CAPTURE_AUTORELEASING = YES;
				CLANG_WARN_BOOL_CONVERSION = YES;
				CLANG_WARN_COMMA = YES;
				CLANG_WARN_CONSTANT_CONVERSION = YES;
				CLANG_WARN_DEPRECATED_OBJC_IMPLEMENTATIONS = YES;
				CLANG_WARN_DIRECT_OBJC_ISA_USAGE = YES_ERROR;
				CLANG_WARN_DOCUMENTATION_COMMENTS = YES;
				CLANG_WARN_EMPTY_BODY = YES;
				CLANG_WARN_ENUM_CONVERSION = YES;
				CLANG_WARN_INFINITE_RECURSION = YES;
				CLANG_WARN_INT_CONVERSION = YES;
				CLANG_WARN_NON_LITERAL_NULL_CONVERSION = YES;
				CLANG_WARN_OBJC_IMPLICIT_RETAIN_SELF = YES;
				CLANG_WARN_OBJC_LITERAL_CONVERSION = YES;
				CLANG_WARN_OBJC_ROOT_CLASS = YES_ERROR;
				CLANG_WARN_QUOTED_INCLUDE_IN_FRAMEWORK_HEADER = YES;
				CLANG_WARN_RANGE_LOOP_ANALYSIS = YES;
				CLANG_WARN_STRICT_PROTOTYPES = YES;
				CLANG_WARN_SUSPICIOUS_MOVE = YES;
				CLANG_WARN_UNGUARDED_AVAILABILITY = YES_AGGRESSIVE;
				CLANG_WARN_UNREACHABLE_CODE = YES;
				CLANG_WARN__DUPLICATE_METHOD_MATCH = YES;
				COPY_PHASE_STRIP = NO;
				DEBUG_INFORMATION_FORMAT = dwarf;
				ENABLE_STRICT_OBJC_MSGSEND = YES;
				ENABLE_TESTABILITY = YES;
				GCC_C_LANGUAGE_STANDARD = gnu11;
				GCC_DYNAMIC_NO_PIC = NO;
				GCC_NO_COMMON_BLOCKS = YES;
				GCC_OPTIMIZATION_LEVEL = 0;
				GCC_PREPROCESSOR_DEFINITIONS = (
					"DEBUG=1",
					"$(inherited)",
				);
				GCC_WARN_64_TO_32_BIT_CONVERSION = YES;
				GCC_WARN_ABOUT_RETURN_TYPE = YES_ERROR;
				GCC_WARN_UNDECLARED_SELECTOR = YES;
				GCC_WARN_UNINITIALIZED_AUTOS = YES_AGGRESSIVE;
				GCC_WARN_UNUSED_FUNCTION = YES;
				GCC_WARN_UNUSED_VARIABLE = YES;
				INFOPLIST_KEY_CFBundleDisplayName = "";
				IPHONEOS_DEPLOYMENT_TARGET = 15.5;
				MTL_ENABLE_DEBUG_INFO = INCLUDE_SOURCE;
				MTL_FAST_MATH = YES;
				ONLY_ACTIVE_ARCH = YES;
				SDKROOT = iphoneos;
				SWIFT_ACTIVE_COMPILATION_CONDITIONS = DEBUG;
				SWIFT_OPTIMIZATION_LEVEL = "-Onone";
			};
			name = "Debug-Dev";
		};
		A9C8F1432BBD64A4009EAC84 /* Release-Dev */ = {
			isa = XCBuildConfiguration;
			buildSettings = {
				ALWAYS_SEARCH_USER_PATHS = NO;
				CLANG_ANALYZER_LOCALIZABILITY_NONLOCALIZED = YES;
				CLANG_ANALYZER_NONNULL = YES;
				CLANG_ANALYZER_NUMBER_OBJECT_CONVERSION = YES_AGGRESSIVE;
				CLANG_CXX_LANGUAGE_STANDARD = "gnu++17";
				CLANG_ENABLE_MODULES = YES;
				CLANG_ENABLE_OBJC_ARC = YES;
				CLANG_ENABLE_OBJC_WEAK = YES;
				CLANG_WARN_BLOCK_CAPTURE_AUTORELEASING = YES;
				CLANG_WARN_BOOL_CONVERSION = YES;
				CLANG_WARN_COMMA = YES;
				CLANG_WARN_CONSTANT_CONVERSION = YES;
				CLANG_WARN_DEPRECATED_OBJC_IMPLEMENTATIONS = YES;
				CLANG_WARN_DIRECT_OBJC_ISA_USAGE = YES_ERROR;
				CLANG_WARN_DOCUMENTATION_COMMENTS = YES;
				CLANG_WARN_EMPTY_BODY = YES;
				CLANG_WARN_ENUM_CONVERSION = YES;
				CLANG_WARN_INFINITE_RECURSION = YES;
				CLANG_WARN_INT_CONVERSION = YES;
				CLANG_WARN_NON_LITERAL_NULL_CONVERSION = YES;
				CLANG_WARN_OBJC_IMPLICIT_RETAIN_SELF = YES;
				CLANG_WARN_OBJC_LITERAL_CONVERSION = YES;
				CLANG_WARN_OBJC_ROOT_CLASS = YES_ERROR;
				CLANG_WARN_QUOTED_INCLUDE_IN_FRAMEWORK_HEADER = YES;
				CLANG_WARN_RANGE_LOOP_ANALYSIS = YES;
				CLANG_WARN_STRICT_PROTOTYPES = YES;
				CLANG_WARN_SUSPICIOUS_MOVE = YES;
				CLANG_WARN_UNGUARDED_AVAILABILITY = YES_AGGRESSIVE;
				CLANG_WARN_UNREACHABLE_CODE = YES;
				CLANG_WARN__DUPLICATE_METHOD_MATCH = YES;
				COPY_PHASE_STRIP = NO;
				DEBUG_INFORMATION_FORMAT = "dwarf-with-dsym";
				ENABLE_NS_ASSERTIONS = NO;
				ENABLE_STRICT_OBJC_MSGSEND = YES;
				GCC_C_LANGUAGE_STANDARD = gnu11;
				GCC_NO_COMMON_BLOCKS = YES;
				GCC_WARN_64_TO_32_BIT_CONVERSION = YES;
				GCC_WARN_ABOUT_RETURN_TYPE = YES_ERROR;
				GCC_WARN_UNDECLARED_SELECTOR = YES;
				GCC_WARN_UNINITIALIZED_AUTOS = YES_AGGRESSIVE;
				GCC_WARN_UNUSED_FUNCTION = YES;
				GCC_WARN_UNUSED_VARIABLE = YES;
				IPHONEOS_DEPLOYMENT_TARGET = 15.5;
				MTL_ENABLE_DEBUG_INFO = NO;
				MTL_FAST_MATH = YES;
				SDKROOT = iphoneos;
				SWIFT_COMPILATION_MODE = wholemodule;
				SWIFT_OPTIMIZATION_LEVEL = "-O";
				VALIDATE_PRODUCT = YES;
			};
			name = "Release-Dev";
		};
		A9C8F1452BBD64A4009EAC84 /* Debug-Dev */ = {
			isa = XCBuildConfiguration;
			baseConfigurationReference = A9C8F17A2BC037FC009EAC84 /* Mahabharath-Dev.xcconfig */;
			buildSettings = {
				ASSETCATALOG_COMPILER_APPICON_NAME = AppIcon;
				ASSETCATALOG_COMPILER_GLOBAL_ACCENT_COLOR_NAME = AccentColor;
				CODE_SIGN_STYLE = Automatic;
				CURRENT_PROJECT_VERSION = 1;
				DEVELOPMENT_ASSET_PATHS = "\"MahaBharath/Preview Content\"";
				ENABLE_PREVIEWS = YES;
				GENERATE_INFOPLIST_FILE = YES;
				INFOPLIST_FILE = MahaBharath/Info.plist;
				INFOPLIST_KEY_CFBundleDisplayName = "Mahabharath-dev";
				INFOPLIST_KEY_UIApplicationSceneManifest_Generation = YES;
				INFOPLIST_KEY_UIApplicationSupportsIndirectInputEvents = YES;
				INFOPLIST_KEY_UILaunchScreen_Generation = YES;
				INFOPLIST_KEY_UISupportedInterfaceOrientations_iPad = "UIInterfaceOrientationPortrait UIInterfaceOrientationPortraitUpsideDown UIInterfaceOrientationLandscapeLeft UIInterfaceOrientationLandscapeRight";
				INFOPLIST_KEY_UISupportedInterfaceOrientations_iPhone = "UIInterfaceOrientationPortrait UIInterfaceOrientationLandscapeLeft UIInterfaceOrientationLandscapeRight";
				LD_RUNPATH_SEARCH_PATHS = (
					"$(inherited)",
					"@executable_path/Frameworks",
				);
				MARKETING_VERSION = 1.0;
				PRODUCT_BUNDLE_IDENTIFIER = com.BMRIT.MahaBharath.dev;
				PRODUCT_NAME = "$(TARGET_NAME)";
				SWIFT_ACTIVE_COMPILATION_CONDITIONS = "DEBUG DEV";
				SWIFT_EMIT_LOC_STRINGS = YES;
				SWIFT_VERSION = 5.0;
				TARGETED_DEVICE_FAMILY = "1,2";
			};
			name = "Debug-Dev";
		};
		A9C8F1462BBD64A4009EAC84 /* Release-Dev */ = {
			isa = XCBuildConfiguration;
			baseConfigurationReference = A9C8F17A2BC037FC009EAC84 /* Mahabharath-Dev.xcconfig */;
			buildSettings = {
				ASSETCATALOG_COMPILER_APPICON_NAME = AppIcon;
				ASSETCATALOG_COMPILER_GLOBAL_ACCENT_COLOR_NAME = AccentColor;
				CODE_SIGN_STYLE = Automatic;
				CURRENT_PROJECT_VERSION = 1;
				DEVELOPMENT_ASSET_PATHS = "\"MahaBharath/Preview Content\"";
				ENABLE_PREVIEWS = YES;
				GENERATE_INFOPLIST_FILE = YES;
				INFOPLIST_FILE = MahaBharath/Info.plist;
				INFOPLIST_KEY_CFBundleDisplayName = "Mahabharath-dev";
				INFOPLIST_KEY_UIApplicationSceneManifest_Generation = YES;
				INFOPLIST_KEY_UIApplicationSupportsIndirectInputEvents = YES;
				INFOPLIST_KEY_UILaunchScreen_Generation = YES;
				INFOPLIST_KEY_UISupportedInterfaceOrientations_iPad = "UIInterfaceOrientationPortrait UIInterfaceOrientationPortraitUpsideDown UIInterfaceOrientationLandscapeLeft UIInterfaceOrientationLandscapeRight";
				INFOPLIST_KEY_UISupportedInterfaceOrientations_iPhone = "UIInterfaceOrientationPortrait UIInterfaceOrientationLandscapeLeft UIInterfaceOrientationLandscapeRight";
				LD_RUNPATH_SEARCH_PATHS = (
					"$(inherited)",
					"@executable_path/Frameworks",
				);
				MARKETING_VERSION = 1.0;
				PRODUCT_BUNDLE_IDENTIFIER = com.BMRIT.MahaBharath.dev;
				PRODUCT_NAME = "$(TARGET_NAME)";
				SWIFT_ACTIVE_COMPILATION_CONDITIONS = DEV;
				SWIFT_EMIT_LOC_STRINGS = YES;
				SWIFT_VERSION = 5.0;
				TARGETED_DEVICE_FAMILY = "1,2";
			};
			name = "Release-Dev";
		};
		A9C8F1482BBD64A4009EAC84 /* Debug-Dev */ = {
			isa = XCBuildConfiguration;
			buildSettings = {
				ALWAYS_EMBED_SWIFT_STANDARD_LIBRARIES = YES;
				BUNDLE_LOADER = "$(TEST_HOST)";
				CODE_SIGN_STYLE = Automatic;
				CURRENT_PROJECT_VERSION = 1;
				GENERATE_INFOPLIST_FILE = YES;
				IPHONEOS_DEPLOYMENT_TARGET = 15.5;
				MARKETING_VERSION = 1.0;
				PRODUCT_BUNDLE_IDENTIFIER = com.BMRIT.MahaBharathTests;
				PRODUCT_NAME = "$(TARGET_NAME)";
				SWIFT_EMIT_LOC_STRINGS = NO;
				SWIFT_VERSION = 5.0;
				TARGETED_DEVICE_FAMILY = "1,2";
				TEST_HOST = "$(BUILT_PRODUCTS_DIR)/MahaBharath.app/MahaBharath";
			};
			name = "Debug-Dev";
		};
		A9C8F1492BBD64A4009EAC84 /* Release-Dev */ = {
			isa = XCBuildConfiguration;
			buildSettings = {
				ALWAYS_EMBED_SWIFT_STANDARD_LIBRARIES = YES;
				BUNDLE_LOADER = "$(TEST_HOST)";
				CODE_SIGN_STYLE = Automatic;
				CURRENT_PROJECT_VERSION = 1;
				GENERATE_INFOPLIST_FILE = YES;
				IPHONEOS_DEPLOYMENT_TARGET = 15.5;
				MARKETING_VERSION = 1.0;
				PRODUCT_BUNDLE_IDENTIFIER = com.BMRIT.MahaBharathTests;
				PRODUCT_NAME = "$(TARGET_NAME)";
				SWIFT_EMIT_LOC_STRINGS = NO;
				SWIFT_VERSION = 5.0;
				TARGETED_DEVICE_FAMILY = "1,2";
				TEST_HOST = "$(BUILT_PRODUCTS_DIR)/MahaBharath.app/MahaBharath";
			};
			name = "Release-Dev";
		};
		A9C8F14B2BBD64A4009EAC84 /* Debug-Dev */ = {
			isa = XCBuildConfiguration;
			buildSettings = {
				ALWAYS_EMBED_SWIFT_STANDARD_LIBRARIES = YES;
				CODE_SIGN_STYLE = Automatic;
				CURRENT_PROJECT_VERSION = 1;
				GENERATE_INFOPLIST_FILE = YES;
				MARKETING_VERSION = 1.0;
				PRODUCT_BUNDLE_IDENTIFIER = com.BMRIT.MahaBharathUITests;
				PRODUCT_NAME = "$(TARGET_NAME)";
				SWIFT_EMIT_LOC_STRINGS = NO;
				SWIFT_VERSION = 5.0;
				TARGETED_DEVICE_FAMILY = "1,2";
				TEST_TARGET_NAME = MahaBharath;
			};
			name = "Debug-Dev";
		};
		A9C8F14C2BBD64A4009EAC84 /* Release-Dev */ = {
			isa = XCBuildConfiguration;
			buildSettings = {
				ALWAYS_EMBED_SWIFT_STANDARD_LIBRARIES = YES;
				CODE_SIGN_STYLE = Automatic;
				CURRENT_PROJECT_VERSION = 1;
				GENERATE_INFOPLIST_FILE = YES;
				MARKETING_VERSION = 1.0;
				PRODUCT_BUNDLE_IDENTIFIER = com.BMRIT.MahaBharathUITests;
				PRODUCT_NAME = "$(TARGET_NAME)";
				SWIFT_EMIT_LOC_STRINGS = NO;
				SWIFT_VERSION = 5.0;
				TARGETED_DEVICE_FAMILY = "1,2";
				TEST_TARGET_NAME = MahaBharath;
			};
			name = "Release-Dev";
		};
		A9C8F1692BC03154009EAC84 /* Debug-QA */ = {
			isa = XCBuildConfiguration;
			buildSettings = {
				ALWAYS_SEARCH_USER_PATHS = NO;
				CLANG_ANALYZER_LOCALIZABILITY_NONLOCALIZED = YES;
				CLANG_ANALYZER_NONNULL = YES;
				CLANG_ANALYZER_NUMBER_OBJECT_CONVERSION = YES_AGGRESSIVE;
				CLANG_CXX_LANGUAGE_STANDARD = "gnu++17";
				CLANG_ENABLE_MODULES = YES;
				CLANG_ENABLE_OBJC_ARC = YES;
				CLANG_ENABLE_OBJC_WEAK = YES;
				CLANG_WARN_BLOCK_CAPTURE_AUTORELEASING = YES;
				CLANG_WARN_BOOL_CONVERSION = YES;
				CLANG_WARN_COMMA = YES;
				CLANG_WARN_CONSTANT_CONVERSION = YES;
				CLANG_WARN_DEPRECATED_OBJC_IMPLEMENTATIONS = YES;
				CLANG_WARN_DIRECT_OBJC_ISA_USAGE = YES_ERROR;
				CLANG_WARN_DOCUMENTATION_COMMENTS = YES;
				CLANG_WARN_EMPTY_BODY = YES;
				CLANG_WARN_ENUM_CONVERSION = YES;
				CLANG_WARN_INFINITE_RECURSION = YES;
				CLANG_WARN_INT_CONVERSION = YES;
				CLANG_WARN_NON_LITERAL_NULL_CONVERSION = YES;
				CLANG_WARN_OBJC_IMPLICIT_RETAIN_SELF = YES;
				CLANG_WARN_OBJC_LITERAL_CONVERSION = YES;
				CLANG_WARN_OBJC_ROOT_CLASS = YES_ERROR;
				CLANG_WARN_QUOTED_INCLUDE_IN_FRAMEWORK_HEADER = YES;
				CLANG_WARN_RANGE_LOOP_ANALYSIS = YES;
				CLANG_WARN_STRICT_PROTOTYPES = YES;
				CLANG_WARN_SUSPICIOUS_MOVE = YES;
				CLANG_WARN_UNGUARDED_AVAILABILITY = YES_AGGRESSIVE;
				CLANG_WARN_UNREACHABLE_CODE = YES;
				CLANG_WARN__DUPLICATE_METHOD_MATCH = YES;
				COPY_PHASE_STRIP = NO;
				DEBUG_INFORMATION_FORMAT = dwarf;
				ENABLE_STRICT_OBJC_MSGSEND = YES;
				ENABLE_TESTABILITY = YES;
				GCC_C_LANGUAGE_STANDARD = gnu11;
				GCC_DYNAMIC_NO_PIC = NO;
				GCC_NO_COMMON_BLOCKS = YES;
				GCC_OPTIMIZATION_LEVEL = 0;
				GCC_PREPROCESSOR_DEFINITIONS = (
					"DEBUG=1",
					"$(inherited)",
				);
				GCC_WARN_64_TO_32_BIT_CONVERSION = YES;
				GCC_WARN_ABOUT_RETURN_TYPE = YES_ERROR;
				GCC_WARN_UNDECLARED_SELECTOR = YES;
				GCC_WARN_UNINITIALIZED_AUTOS = YES_AGGRESSIVE;
				GCC_WARN_UNUSED_FUNCTION = YES;
				GCC_WARN_UNUSED_VARIABLE = YES;
				IPHONEOS_DEPLOYMENT_TARGET = 15.5;
				MTL_ENABLE_DEBUG_INFO = INCLUDE_SOURCE;
				MTL_FAST_MATH = YES;
				ONLY_ACTIVE_ARCH = YES;
				SDKROOT = iphoneos;
				SWIFT_ACTIVE_COMPILATION_CONDITIONS = DEBUG;
				SWIFT_OPTIMIZATION_LEVEL = "-Onone";
			};
			name = "Debug-QA";
		};
		A9C8F16A2BC03154009EAC84 /* Debug-QA */ = {
			isa = XCBuildConfiguration;
			baseConfigurationReference = A9C8F17B2BC03823009EAC84 /* Mahabharath-QA.xcconfig */;
			buildSettings = {
				ASSETCATALOG_COMPILER_APPICON_NAME = AppIcon;
				ASSETCATALOG_COMPILER_GLOBAL_ACCENT_COLOR_NAME = AccentColor;
				CODE_SIGN_STYLE = Automatic;
				CURRENT_PROJECT_VERSION = 1;
				DEVELOPMENT_ASSET_PATHS = "\"MahaBharath/Preview Content\"";
				ENABLE_PREVIEWS = YES;
				GENERATE_INFOPLIST_FILE = YES;
				INFOPLIST_FILE = MahaBharath/Info.plist;
				INFOPLIST_KEY_CFBundleDisplayName = "Mahabharath-qa";
				INFOPLIST_KEY_UIApplicationSceneManifest_Generation = YES;
				INFOPLIST_KEY_UIApplicationSupportsIndirectInputEvents = YES;
				INFOPLIST_KEY_UILaunchScreen_Generation = YES;
				INFOPLIST_KEY_UISupportedInterfaceOrientations_iPad = "UIInterfaceOrientationPortrait UIInterfaceOrientationPortraitUpsideDown UIInterfaceOrientationLandscapeLeft UIInterfaceOrientationLandscapeRight";
				INFOPLIST_KEY_UISupportedInterfaceOrientations_iPhone = "UIInterfaceOrientationPortrait UIInterfaceOrientationLandscapeLeft UIInterfaceOrientationLandscapeRight";
				LD_RUNPATH_SEARCH_PATHS = (
					"$(inherited)",
					"@executable_path/Frameworks",
				);
				MARKETING_VERSION = 1.0;
				PRODUCT_BUNDLE_IDENTIFIER = com.BMRIT.MahaBharath.qa;
				PRODUCT_NAME = "$(TARGET_NAME)";
				SWIFT_ACTIVE_COMPILATION_CONDITIONS = "DEBUG QA";
				SWIFT_EMIT_LOC_STRINGS = YES;
				SWIFT_VERSION = 5.0;
				TARGETED_DEVICE_FAMILY = "1,2";
			};
			name = "Debug-QA";
		};
		A9C8F16B2BC03154009EAC84 /* Debug-QA */ = {
			isa = XCBuildConfiguration;
			buildSettings = {
				ALWAYS_EMBED_SWIFT_STANDARD_LIBRARIES = YES;
				BUNDLE_LOADER = "$(TEST_HOST)";
				CODE_SIGN_STYLE = Automatic;
				CURRENT_PROJECT_VERSION = 1;
				GENERATE_INFOPLIST_FILE = YES;
				IPHONEOS_DEPLOYMENT_TARGET = 15.5;
				MARKETING_VERSION = 1.0;
				PRODUCT_BUNDLE_IDENTIFIER = com.BMRIT.MahaBharathTests;
				PRODUCT_NAME = "$(TARGET_NAME)";
				SWIFT_EMIT_LOC_STRINGS = NO;
				SWIFT_VERSION = 5.0;
				TARGETED_DEVICE_FAMILY = "1,2";
				TEST_HOST = "$(BUILT_PRODUCTS_DIR)/MahaBharath.app/MahaBharath";
			};
			name = "Debug-QA";
		};
		A9C8F16C2BC03154009EAC84 /* Debug-QA */ = {
			isa = XCBuildConfiguration;
			buildSettings = {
				ALWAYS_EMBED_SWIFT_STANDARD_LIBRARIES = YES;
				CODE_SIGN_STYLE = Automatic;
				CURRENT_PROJECT_VERSION = 1;
				GENERATE_INFOPLIST_FILE = YES;
				MARKETING_VERSION = 1.0;
				PRODUCT_BUNDLE_IDENTIFIER = com.BMRIT.MahaBharathUITests;
				PRODUCT_NAME = "$(TARGET_NAME)";
				SWIFT_EMIT_LOC_STRINGS = NO;
				SWIFT_VERSION = 5.0;
				TARGETED_DEVICE_FAMILY = "1,2";
				TEST_TARGET_NAME = MahaBharath;
			};
			name = "Debug-QA";
		};
		A9C8F16D2BC03166009EAC84 /* Debug-Prod */ = {
			isa = XCBuildConfiguration;
			buildSettings = {
				ALWAYS_SEARCH_USER_PATHS = NO;
				CLANG_ANALYZER_LOCALIZABILITY_NONLOCALIZED = YES;
				CLANG_ANALYZER_NONNULL = YES;
				CLANG_ANALYZER_NUMBER_OBJECT_CONVERSION = YES_AGGRESSIVE;
				CLANG_CXX_LANGUAGE_STANDARD = "gnu++17";
				CLANG_ENABLE_MODULES = YES;
				CLANG_ENABLE_OBJC_ARC = YES;
				CLANG_ENABLE_OBJC_WEAK = YES;
				CLANG_WARN_BLOCK_CAPTURE_AUTORELEASING = YES;
				CLANG_WARN_BOOL_CONVERSION = YES;
				CLANG_WARN_COMMA = YES;
				CLANG_WARN_CONSTANT_CONVERSION = YES;
				CLANG_WARN_DEPRECATED_OBJC_IMPLEMENTATIONS = YES;
				CLANG_WARN_DIRECT_OBJC_ISA_USAGE = YES_ERROR;
				CLANG_WARN_DOCUMENTATION_COMMENTS = YES;
				CLANG_WARN_EMPTY_BODY = YES;
				CLANG_WARN_ENUM_CONVERSION = YES;
				CLANG_WARN_INFINITE_RECURSION = YES;
				CLANG_WARN_INT_CONVERSION = YES;
				CLANG_WARN_NON_LITERAL_NULL_CONVERSION = YES;
				CLANG_WARN_OBJC_IMPLICIT_RETAIN_SELF = YES;
				CLANG_WARN_OBJC_LITERAL_CONVERSION = YES;
				CLANG_WARN_OBJC_ROOT_CLASS = YES_ERROR;
				CLANG_WARN_QUOTED_INCLUDE_IN_FRAMEWORK_HEADER = YES;
				CLANG_WARN_RANGE_LOOP_ANALYSIS = YES;
				CLANG_WARN_STRICT_PROTOTYPES = YES;
				CLANG_WARN_SUSPICIOUS_MOVE = YES;
				CLANG_WARN_UNGUARDED_AVAILABILITY = YES_AGGRESSIVE;
				CLANG_WARN_UNREACHABLE_CODE = YES;
				CLANG_WARN__DUPLICATE_METHOD_MATCH = YES;
				COPY_PHASE_STRIP = NO;
				DEBUG_INFORMATION_FORMAT = dwarf;
				ENABLE_STRICT_OBJC_MSGSEND = YES;
				ENABLE_TESTABILITY = YES;
				GCC_C_LANGUAGE_STANDARD = gnu11;
				GCC_DYNAMIC_NO_PIC = NO;
				GCC_NO_COMMON_BLOCKS = YES;
				GCC_OPTIMIZATION_LEVEL = 0;
				GCC_PREPROCESSOR_DEFINITIONS = (
					"DEBUG=1",
					"$(inherited)",
				);
				GCC_WARN_64_TO_32_BIT_CONVERSION = YES;
				GCC_WARN_ABOUT_RETURN_TYPE = YES_ERROR;
				GCC_WARN_UNDECLARED_SELECTOR = YES;
				GCC_WARN_UNINITIALIZED_AUTOS = YES_AGGRESSIVE;
				GCC_WARN_UNUSED_FUNCTION = YES;
				GCC_WARN_UNUSED_VARIABLE = YES;
				IPHONEOS_DEPLOYMENT_TARGET = 15.5;
				MTL_ENABLE_DEBUG_INFO = INCLUDE_SOURCE;
				MTL_FAST_MATH = YES;
				ONLY_ACTIVE_ARCH = YES;
				SDKROOT = iphoneos;
				SWIFT_ACTIVE_COMPILATION_CONDITIONS = DEBUG;
				SWIFT_OPTIMIZATION_LEVEL = "-Onone";
			};
			name = "Debug-Prod";
		};
		A9C8F16E2BC03166009EAC84 /* Debug-Prod */ = {
			isa = XCBuildConfiguration;
			baseConfigurationReference = A9C8F17C2BC03848009EAC84 /* Mahabharath-Prod.xcconfig */;
			buildSettings = {
				ASSETCATALOG_COMPILER_APPICON_NAME = AppIcon;
				ASSETCATALOG_COMPILER_GLOBAL_ACCENT_COLOR_NAME = AccentColor;
				CODE_SIGN_STYLE = Automatic;
				CURRENT_PROJECT_VERSION = 1;
				DEVELOPMENT_ASSET_PATHS = "\"MahaBharath/Preview Content\"";
				ENABLE_PREVIEWS = YES;
				GENERATE_INFOPLIST_FILE = YES;
				INFOPLIST_FILE = MahaBharath/Info.plist;
				INFOPLIST_KEY_CFBundleDisplayName = Mahabharath;
				INFOPLIST_KEY_UIApplicationSceneManifest_Generation = YES;
				INFOPLIST_KEY_UIApplicationSupportsIndirectInputEvents = YES;
				INFOPLIST_KEY_UILaunchScreen_Generation = YES;
				INFOPLIST_KEY_UISupportedInterfaceOrientations_iPad = "UIInterfaceOrientationPortrait UIInterfaceOrientationPortraitUpsideDown UIInterfaceOrientationLandscapeLeft UIInterfaceOrientationLandscapeRight";
				INFOPLIST_KEY_UISupportedInterfaceOrientations_iPhone = "UIInterfaceOrientationPortrait UIInterfaceOrientationLandscapeLeft UIInterfaceOrientationLandscapeRight";
				LD_RUNPATH_SEARCH_PATHS = (
					"$(inherited)",
					"@executable_path/Frameworks",
				);
				MARKETING_VERSION = 1.0;
				PRODUCT_BUNDLE_IDENTIFIER = com.BMRIT.MahaBharath.prod;
				PRODUCT_NAME = "$(TARGET_NAME)";
				SWIFT_ACTIVE_COMPILATION_CONDITIONS = "DEBUG PROD";
				SWIFT_EMIT_LOC_STRINGS = YES;
				SWIFT_VERSION = 5.0;
				TARGETED_DEVICE_FAMILY = "1,2";
			};
			name = "Debug-Prod";
		};
		A9C8F16F2BC03166009EAC84 /* Debug-Prod */ = {
			isa = XCBuildConfiguration;
			buildSettings = {
				ALWAYS_EMBED_SWIFT_STANDARD_LIBRARIES = YES;
				BUNDLE_LOADER = "$(TEST_HOST)";
				CODE_SIGN_STYLE = Automatic;
				CURRENT_PROJECT_VERSION = 1;
				GENERATE_INFOPLIST_FILE = YES;
				IPHONEOS_DEPLOYMENT_TARGET = 15.5;
				MARKETING_VERSION = 1.0;
				PRODUCT_BUNDLE_IDENTIFIER = com.BMRIT.MahaBharathTests;
				PRODUCT_NAME = "$(TARGET_NAME)";
				SWIFT_EMIT_LOC_STRINGS = NO;
				SWIFT_VERSION = 5.0;
				TARGETED_DEVICE_FAMILY = "1,2";
				TEST_HOST = "$(BUILT_PRODUCTS_DIR)/MahaBharath.app/MahaBharath";
			};
			name = "Debug-Prod";
		};
		A9C8F1702BC03166009EAC84 /* Debug-Prod */ = {
			isa = XCBuildConfiguration;
			buildSettings = {
				ALWAYS_EMBED_SWIFT_STANDARD_LIBRARIES = YES;
				CODE_SIGN_STYLE = Automatic;
				CURRENT_PROJECT_VERSION = 1;
				GENERATE_INFOPLIST_FILE = YES;
				MARKETING_VERSION = 1.0;
				PRODUCT_BUNDLE_IDENTIFIER = com.BMRIT.MahaBharathUITests;
				PRODUCT_NAME = "$(TARGET_NAME)";
				SWIFT_EMIT_LOC_STRINGS = NO;
				SWIFT_VERSION = 5.0;
				TARGETED_DEVICE_FAMILY = "1,2";
				TEST_TARGET_NAME = MahaBharath;
			};
			name = "Debug-Prod";
		};
		A9C8F1712BC0318B009EAC84 /* Release-QA */ = {
			isa = XCBuildConfiguration;
			buildSettings = {
				ALWAYS_SEARCH_USER_PATHS = NO;
				CLANG_ANALYZER_LOCALIZABILITY_NONLOCALIZED = YES;
				CLANG_ANALYZER_NONNULL = YES;
				CLANG_ANALYZER_NUMBER_OBJECT_CONVERSION = YES_AGGRESSIVE;
				CLANG_CXX_LANGUAGE_STANDARD = "gnu++17";
				CLANG_ENABLE_MODULES = YES;
				CLANG_ENABLE_OBJC_ARC = YES;
				CLANG_ENABLE_OBJC_WEAK = YES;
				CLANG_WARN_BLOCK_CAPTURE_AUTORELEASING = YES;
				CLANG_WARN_BOOL_CONVERSION = YES;
				CLANG_WARN_COMMA = YES;
				CLANG_WARN_CONSTANT_CONVERSION = YES;
				CLANG_WARN_DEPRECATED_OBJC_IMPLEMENTATIONS = YES;
				CLANG_WARN_DIRECT_OBJC_ISA_USAGE = YES_ERROR;
				CLANG_WARN_DOCUMENTATION_COMMENTS = YES;
				CLANG_WARN_EMPTY_BODY = YES;
				CLANG_WARN_ENUM_CONVERSION = YES;
				CLANG_WARN_INFINITE_RECURSION = YES;
				CLANG_WARN_INT_CONVERSION = YES;
				CLANG_WARN_NON_LITERAL_NULL_CONVERSION = YES;
				CLANG_WARN_OBJC_IMPLICIT_RETAIN_SELF = YES;
				CLANG_WARN_OBJC_LITERAL_CONVERSION = YES;
				CLANG_WARN_OBJC_ROOT_CLASS = YES_ERROR;
				CLANG_WARN_QUOTED_INCLUDE_IN_FRAMEWORK_HEADER = YES;
				CLANG_WARN_RANGE_LOOP_ANALYSIS = YES;
				CLANG_WARN_STRICT_PROTOTYPES = YES;
				CLANG_WARN_SUSPICIOUS_MOVE = YES;
				CLANG_WARN_UNGUARDED_AVAILABILITY = YES_AGGRESSIVE;
				CLANG_WARN_UNREACHABLE_CODE = YES;
				CLANG_WARN__DUPLICATE_METHOD_MATCH = YES;
				COPY_PHASE_STRIP = NO;
				DEBUG_INFORMATION_FORMAT = "dwarf-with-dsym";
				ENABLE_NS_ASSERTIONS = NO;
				ENABLE_STRICT_OBJC_MSGSEND = YES;
				GCC_C_LANGUAGE_STANDARD = gnu11;
				GCC_NO_COMMON_BLOCKS = YES;
				GCC_WARN_64_TO_32_BIT_CONVERSION = YES;
				GCC_WARN_ABOUT_RETURN_TYPE = YES_ERROR;
				GCC_WARN_UNDECLARED_SELECTOR = YES;
				GCC_WARN_UNINITIALIZED_AUTOS = YES_AGGRESSIVE;
				GCC_WARN_UNUSED_FUNCTION = YES;
				GCC_WARN_UNUSED_VARIABLE = YES;
				IPHONEOS_DEPLOYMENT_TARGET = 15.5;
				MTL_ENABLE_DEBUG_INFO = NO;
				MTL_FAST_MATH = YES;
				SDKROOT = iphoneos;
				SWIFT_COMPILATION_MODE = wholemodule;
				SWIFT_OPTIMIZATION_LEVEL = "-O";
				VALIDATE_PRODUCT = YES;
			};
			name = "Release-QA";
		};
		A9C8F1722BC0318B009EAC84 /* Release-QA */ = {
			isa = XCBuildConfiguration;
			baseConfigurationReference = A9C8F17B2BC03823009EAC84 /* Mahabharath-QA.xcconfig */;
			buildSettings = {
				ASSETCATALOG_COMPILER_APPICON_NAME = AppIcon;
				ASSETCATALOG_COMPILER_GLOBAL_ACCENT_COLOR_NAME = AccentColor;
				CODE_SIGN_STYLE = Automatic;
				CURRENT_PROJECT_VERSION = 1;
				DEVELOPMENT_ASSET_PATHS = "\"MahaBharath/Preview Content\"";
				ENABLE_PREVIEWS = YES;
				GENERATE_INFOPLIST_FILE = YES;
				INFOPLIST_FILE = MahaBharath/Info.plist;
				INFOPLIST_KEY_CFBundleDisplayName = "Mahabharath-qa";
				INFOPLIST_KEY_UIApplicationSceneManifest_Generation = YES;
				INFOPLIST_KEY_UIApplicationSupportsIndirectInputEvents = YES;
				INFOPLIST_KEY_UILaunchScreen_Generation = YES;
				INFOPLIST_KEY_UISupportedInterfaceOrientations_iPad = "UIInterfaceOrientationPortrait UIInterfaceOrientationPortraitUpsideDown UIInterfaceOrientationLandscapeLeft UIInterfaceOrientationLandscapeRight";
				INFOPLIST_KEY_UISupportedInterfaceOrientations_iPhone = "UIInterfaceOrientationPortrait UIInterfaceOrientationLandscapeLeft UIInterfaceOrientationLandscapeRight";
				LD_RUNPATH_SEARCH_PATHS = (
					"$(inherited)",
					"@executable_path/Frameworks",
				);
				MARKETING_VERSION = 1.0;
				PRODUCT_BUNDLE_IDENTIFIER = com.BMRIT.MahaBharath.qa;
				PRODUCT_NAME = "$(TARGET_NAME)";
				SWIFT_ACTIVE_COMPILATION_CONDITIONS = QA;
				SWIFT_EMIT_LOC_STRINGS = YES;
				SWIFT_VERSION = 5.0;
				TARGETED_DEVICE_FAMILY = "1,2";
			};
			name = "Release-QA";
		};
		A9C8F1732BC0318B009EAC84 /* Release-QA */ = {
			isa = XCBuildConfiguration;
			buildSettings = {
				ALWAYS_EMBED_SWIFT_STANDARD_LIBRARIES = YES;
				BUNDLE_LOADER = "$(TEST_HOST)";
				CODE_SIGN_STYLE = Automatic;
				CURRENT_PROJECT_VERSION = 1;
				GENERATE_INFOPLIST_FILE = YES;
				IPHONEOS_DEPLOYMENT_TARGET = 15.5;
				MARKETING_VERSION = 1.0;
				PRODUCT_BUNDLE_IDENTIFIER = com.BMRIT.MahaBharathTests;
				PRODUCT_NAME = "$(TARGET_NAME)";
				SWIFT_EMIT_LOC_STRINGS = NO;
				SWIFT_VERSION = 5.0;
				TARGETED_DEVICE_FAMILY = "1,2";
				TEST_HOST = "$(BUILT_PRODUCTS_DIR)/MahaBharath.app/MahaBharath";
			};
			name = "Release-QA";
		};
		A9C8F1742BC0318B009EAC84 /* Release-QA */ = {
			isa = XCBuildConfiguration;
			buildSettings = {
				ALWAYS_EMBED_SWIFT_STANDARD_LIBRARIES = YES;
				CODE_SIGN_STYLE = Automatic;
				CURRENT_PROJECT_VERSION = 1;
				GENERATE_INFOPLIST_FILE = YES;
				MARKETING_VERSION = 1.0;
				PRODUCT_BUNDLE_IDENTIFIER = com.BMRIT.MahaBharathUITests;
				PRODUCT_NAME = "$(TARGET_NAME)";
				SWIFT_EMIT_LOC_STRINGS = NO;
				SWIFT_VERSION = 5.0;
				TARGETED_DEVICE_FAMILY = "1,2";
				TEST_TARGET_NAME = MahaBharath;
			};
			name = "Release-QA";
		};
		A9C8F1752BC031A0009EAC84 /* Release-Prod */ = {
			isa = XCBuildConfiguration;
			buildSettings = {
				ALWAYS_SEARCH_USER_PATHS = NO;
				CLANG_ANALYZER_LOCALIZABILITY_NONLOCALIZED = YES;
				CLANG_ANALYZER_NONNULL = YES;
				CLANG_ANALYZER_NUMBER_OBJECT_CONVERSION = YES_AGGRESSIVE;
				CLANG_CXX_LANGUAGE_STANDARD = "gnu++17";
				CLANG_ENABLE_MODULES = YES;
				CLANG_ENABLE_OBJC_ARC = YES;
				CLANG_ENABLE_OBJC_WEAK = YES;
				CLANG_WARN_BLOCK_CAPTURE_AUTORELEASING = YES;
				CLANG_WARN_BOOL_CONVERSION = YES;
				CLANG_WARN_COMMA = YES;
				CLANG_WARN_CONSTANT_CONVERSION = YES;
				CLANG_WARN_DEPRECATED_OBJC_IMPLEMENTATIONS = YES;
				CLANG_WARN_DIRECT_OBJC_ISA_USAGE = YES_ERROR;
				CLANG_WARN_DOCUMENTATION_COMMENTS = YES;
				CLANG_WARN_EMPTY_BODY = YES;
				CLANG_WARN_ENUM_CONVERSION = YES;
				CLANG_WARN_INFINITE_RECURSION = YES;
				CLANG_WARN_INT_CONVERSION = YES;
				CLANG_WARN_NON_LITERAL_NULL_CONVERSION = YES;
				CLANG_WARN_OBJC_IMPLICIT_RETAIN_SELF = YES;
				CLANG_WARN_OBJC_LITERAL_CONVERSION = YES;
				CLANG_WARN_OBJC_ROOT_CLASS = YES_ERROR;
				CLANG_WARN_QUOTED_INCLUDE_IN_FRAMEWORK_HEADER = YES;
				CLANG_WARN_RANGE_LOOP_ANALYSIS = YES;
				CLANG_WARN_STRICT_PROTOTYPES = YES;
				CLANG_WARN_SUSPICIOUS_MOVE = YES;
				CLANG_WARN_UNGUARDED_AVAILABILITY = YES_AGGRESSIVE;
				CLANG_WARN_UNREACHABLE_CODE = YES;
				CLANG_WARN__DUPLICATE_METHOD_MATCH = YES;
				COPY_PHASE_STRIP = NO;
				DEBUG_INFORMATION_FORMAT = "dwarf-with-dsym";
				ENABLE_NS_ASSERTIONS = NO;
				ENABLE_STRICT_OBJC_MSGSEND = YES;
				GCC_C_LANGUAGE_STANDARD = gnu11;
				GCC_NO_COMMON_BLOCKS = YES;
				GCC_WARN_64_TO_32_BIT_CONVERSION = YES;
				GCC_WARN_ABOUT_RETURN_TYPE = YES_ERROR;
				GCC_WARN_UNDECLARED_SELECTOR = YES;
				GCC_WARN_UNINITIALIZED_AUTOS = YES_AGGRESSIVE;
				GCC_WARN_UNUSED_FUNCTION = YES;
				GCC_WARN_UNUSED_VARIABLE = YES;
				IPHONEOS_DEPLOYMENT_TARGET = 15.5;
				MTL_ENABLE_DEBUG_INFO = NO;
				MTL_FAST_MATH = YES;
				SDKROOT = iphoneos;
				SWIFT_COMPILATION_MODE = wholemodule;
				SWIFT_OPTIMIZATION_LEVEL = "-O";
				VALIDATE_PRODUCT = YES;
			};
			name = "Release-Prod";
		};
		A9C8F1762BC031A0009EAC84 /* Release-Prod */ = {
			isa = XCBuildConfiguration;
			baseConfigurationReference = A9C8F17C2BC03848009EAC84 /* Mahabharath-Prod.xcconfig */;
			buildSettings = {
				ASSETCATALOG_COMPILER_APPICON_NAME = AppIcon;
				ASSETCATALOG_COMPILER_GLOBAL_ACCENT_COLOR_NAME = AccentColor;
				CODE_SIGN_STYLE = Automatic;
				CURRENT_PROJECT_VERSION = 1;
				DEVELOPMENT_ASSET_PATHS = "\"MahaBharath/Preview Content\"";
				ENABLE_PREVIEWS = YES;
				GENERATE_INFOPLIST_FILE = YES;
				INFOPLIST_FILE = MahaBharath/Info.plist;
				INFOPLIST_KEY_CFBundleDisplayName = Mahabharath;
				INFOPLIST_KEY_UIApplicationSceneManifest_Generation = YES;
				INFOPLIST_KEY_UIApplicationSupportsIndirectInputEvents = YES;
				INFOPLIST_KEY_UILaunchScreen_Generation = YES;
				INFOPLIST_KEY_UISupportedInterfaceOrientations_iPad = "UIInterfaceOrientationPortrait UIInterfaceOrientationPortraitUpsideDown UIInterfaceOrientationLandscapeLeft UIInterfaceOrientationLandscapeRight";
				INFOPLIST_KEY_UISupportedInterfaceOrientations_iPhone = "UIInterfaceOrientationPortrait UIInterfaceOrientationLandscapeLeft UIInterfaceOrientationLandscapeRight";
				LD_RUNPATH_SEARCH_PATHS = (
					"$(inherited)",
					"@executable_path/Frameworks",
				);
				MARKETING_VERSION = 1.0;
				PRODUCT_BUNDLE_IDENTIFIER = com.BMRIT.MahaBharath.prod;
				PRODUCT_NAME = "$(TARGET_NAME)";
				SWIFT_ACTIVE_COMPILATION_CONDITIONS = PROD;
				SWIFT_EMIT_LOC_STRINGS = YES;
				SWIFT_VERSION = 5.0;
				TARGETED_DEVICE_FAMILY = "1,2";
			};
			name = "Release-Prod";
		};
		A9C8F1772BC031A0009EAC84 /* Release-Prod */ = {
			isa = XCBuildConfiguration;
			buildSettings = {
				ALWAYS_EMBED_SWIFT_STANDARD_LIBRARIES = YES;
				BUNDLE_LOADER = "$(TEST_HOST)";
				CODE_SIGN_STYLE = Automatic;
				CURRENT_PROJECT_VERSION = 1;
				GENERATE_INFOPLIST_FILE = YES;
				IPHONEOS_DEPLOYMENT_TARGET = 15.5;
				MARKETING_VERSION = 1.0;
				PRODUCT_BUNDLE_IDENTIFIER = com.BMRIT.MahaBharathTests;
				PRODUCT_NAME = "$(TARGET_NAME)";
				SWIFT_EMIT_LOC_STRINGS = NO;
				SWIFT_VERSION = 5.0;
				TARGETED_DEVICE_FAMILY = "1,2";
				TEST_HOST = "$(BUILT_PRODUCTS_DIR)/MahaBharath.app/MahaBharath";
			};
			name = "Release-Prod";
		};
		A9C8F1782BC031A0009EAC84 /* Release-Prod */ = {
			isa = XCBuildConfiguration;
			buildSettings = {
				ALWAYS_EMBED_SWIFT_STANDARD_LIBRARIES = YES;
				CODE_SIGN_STYLE = Automatic;
				CURRENT_PROJECT_VERSION = 1;
				GENERATE_INFOPLIST_FILE = YES;
				MARKETING_VERSION = 1.0;
				PRODUCT_BUNDLE_IDENTIFIER = com.BMRIT.MahaBharathUITests;
				PRODUCT_NAME = "$(TARGET_NAME)";
				SWIFT_EMIT_LOC_STRINGS = NO;
				SWIFT_VERSION = 5.0;
				TARGETED_DEVICE_FAMILY = "1,2";
				TEST_TARGET_NAME = MahaBharath;
			};
			name = "Release-Prod";
		};
/* End XCBuildConfiguration section */

/* Begin XCConfigurationList section */
		A9C8F1162BBD649E009EAC84 /* Build configuration list for PBXProject "MahaBharath" */ = {
			isa = XCConfigurationList;
			buildConfigurations = (
				A9C8F1422BBD64A4009EAC84 /* Debug-Dev */,
				A9C8F16D2BC03166009EAC84 /* Debug-Prod */,
				A9C8F1692BC03154009EAC84 /* Debug-QA */,
				A9C8F1432BBD64A4009EAC84 /* Release-Dev */,
				A9C8F1752BC031A0009EAC84 /* Release-Prod */,
				A9C8F1712BC0318B009EAC84 /* Release-QA */,
			);
			defaultConfigurationIsVisible = 0;
			defaultConfigurationName = "Release-Dev";
		};
		A9C8F1442BBD64A4009EAC84 /* Build configuration list for PBXNativeTarget "MahaBharath" */ = {
			isa = XCConfigurationList;
			buildConfigurations = (
				A9C8F1452BBD64A4009EAC84 /* Debug-Dev */,
				A9C8F16E2BC03166009EAC84 /* Debug-Prod */,
				A9C8F16A2BC03154009EAC84 /* Debug-QA */,
				A9C8F1462BBD64A4009EAC84 /* Release-Dev */,
				A9C8F1762BC031A0009EAC84 /* Release-Prod */,
				A9C8F1722BC0318B009EAC84 /* Release-QA */,
			);
			defaultConfigurationIsVisible = 0;
			defaultConfigurationName = "Release-Dev";
		};
		A9C8F1472BBD64A4009EAC84 /* Build configuration list for PBXNativeTarget "MahaBharathTests" */ = {
			isa = XCConfigurationList;
			buildConfigurations = (
				A9C8F1482BBD64A4009EAC84 /* Debug-Dev */,
				A9C8F16F2BC03166009EAC84 /* Debug-Prod */,
				A9C8F16B2BC03154009EAC84 /* Debug-QA */,
				A9C8F1492BBD64A4009EAC84 /* Release-Dev */,
				A9C8F1772BC031A0009EAC84 /* Release-Prod */,
				A9C8F1732BC0318B009EAC84 /* Release-QA */,
			);
			defaultConfigurationIsVisible = 0;
			defaultConfigurationName = "Release-Dev";
		};
		A9C8F14A2BBD64A4009EAC84 /* Build configuration list for PBXNativeTarget "MahaBharathUITests" */ = {
			isa = XCConfigurationList;
			buildConfigurations = (
				A9C8F14B2BBD64A4009EAC84 /* Debug-Dev */,
				A9C8F1702BC03166009EAC84 /* Debug-Prod */,
				A9C8F16C2BC03154009EAC84 /* Debug-QA */,
				A9C8F14C2BBD64A4009EAC84 /* Release-Dev */,
				A9C8F1782BC031A0009EAC84 /* Release-Prod */,
				A9C8F1742BC0318B009EAC84 /* Release-QA */,
			);
			defaultConfigurationIsVisible = 0;
			defaultConfigurationName = "Release-Dev";
		};
/* End XCConfigurationList section */

/* Begin XCRemoteSwiftPackageReference section */
		A9C8F14D2BBD73AA009EAC84 /* XCRemoteSwiftPackageReference "BGUtility" */ = {
			isa = XCRemoteSwiftPackageReference;
			repositoryURL = "https://github.com/santoshKumar-T/BGUtility";
			requirement = {
				kind = upToNextMajorVersion;
				minimumVersion = 1.0.0;
			};
		};
		A9C8F1512BBEB46D009EAC84 /* XCRemoteSwiftPackageReference "SwiftyBeaver" */ = {
			isa = XCRemoteSwiftPackageReference;
			repositoryURL = "https://github.com/SwiftyBeaver/SwiftyBeaver";
			requirement = {
				kind = upToNextMajorVersion;
				minimumVersion = 2.0.0;
			};
		};
		A9C8F1582BBEF4D4009EAC84 /* XCRemoteSwiftPackageReference "Swinject" */ = {
			isa = XCRemoteSwiftPackageReference;
			repositoryURL = "https://github.com/Swinject/Swinject";
			requirement = {
				kind = upToNextMajorVersion;
				minimumVersion = 2.0.0;
			};
		};
/* End XCRemoteSwiftPackageReference section */

/* Begin XCSwiftPackageProductDependency section */
		A9C8F14E2BBD73AA009EAC84 /* BGUtility */ = {
			isa = XCSwiftPackageProductDependency;
			package = A9C8F14D2BBD73AA009EAC84 /* XCRemoteSwiftPackageReference "BGUtility" */;
			productName = BGUtility;
		};
		A9C8F1522BBEB46D009EAC84 /* SwiftyBeaver */ = {
			isa = XCSwiftPackageProductDependency;
			package = A9C8F1512BBEB46D009EAC84 /* XCRemoteSwiftPackageReference "SwiftyBeaver" */;
			productName = SwiftyBeaver;
		};
		A9C8F1592BBEF4D4009EAC84 /* Swinject */ = {
			isa = XCSwiftPackageProductDependency;
			package = A9C8F1582BBEF4D4009EAC84 /* XCRemoteSwiftPackageReference "Swinject" */;
			productName = Swinject;
		};
/* End XCSwiftPackageProductDependency section */

/* Begin XCVersionGroup section */
		A9C8F1292BBD64A4009EAC84 /* MahaBharath.xcdatamodeld */ = {
			isa = XCVersionGroup;
			children = (
				A9C8F12A2BBD64A4009EAC84 /* MahaBharath.xcdatamodel */,
			);
			currentVersion = A9C8F12A2BBD64A4009EAC84 /* MahaBharath.xcdatamodel */;
			path = MahaBharath.xcdatamodeld;
			sourceTree = "<group>";
			versionGroupType = wrapper.xcdatamodel;
		};
/* End XCVersionGroup section */
	};
	rootObject = A9C8F1132BBD649E009EAC84 /* Project object */;
}
